// !$*UTF8*$!
{
	archiveVersion = 1;
	classes = {
	};
	objectVersion = 48;
	objects = {

/* Begin PBXBuildFile section */
		45935FCB993EE696EE39F4E6 /* Pods_sample_ios_swiftTests.framework in Frameworks */ = {isa = PBXBuildFile; fileRef = 8AEE1698DD08F54A3C8A36E3 /* Pods_sample_ios_swiftTests.framework */; };
		512092952056817E00DF6991 /* RxCocoa.framework in Frameworks */ = {isa = PBXBuildFile; fileRef = 512092912056817E00DF6991 /* RxCocoa.framework */; };
		512092972056817E00DF6991 /* RxSwift.framework in Frameworks */ = {isa = PBXBuildFile; fileRef = 512092932056817E00DF6991 /* RxSwift.framework */; };
		51F567AA204D2D25005A7970 /* AppDelegate.swift in Sources */ = {isa = PBXBuildFile; fileRef = 51F567A9204D2D25005A7970 /* AppDelegate.swift */; };
		51F567AC204D2D25005A7970 /* ViewController.swift in Sources */ = {isa = PBXBuildFile; fileRef = 51F567AB204D2D25005A7970 /* ViewController.swift */; };
		51F567AF204D2D25005A7970 /* Main.storyboard in Resources */ = {isa = PBXBuildFile; fileRef = 51F567AD204D2D25005A7970 /* Main.storyboard */; };
		51F567B1204D2D25005A7970 /* Assets.xcassets in Resources */ = {isa = PBXBuildFile; fileRef = 51F567B0204D2D25005A7970 /* Assets.xcassets */; };
		51F567B4204D2D25005A7970 /* LaunchScreen.storyboard in Resources */ = {isa = PBXBuildFile; fileRef = 51F567B2204D2D25005A7970 /* LaunchScreen.storyboard */; };
		51F567BF204D2D25005A7970 /* sample_ios_swiftTests.swift in Sources */ = {isa = PBXBuildFile; fileRef = 51F567BE204D2D25005A7970 /* sample_ios_swiftTests.swift */; };
		51F567CA204D2D25005A7970 /* sample_ios_swiftUITests.swift in Sources */ = {isa = PBXBuildFile; fileRef = 51F567C9204D2D25005A7970 /* sample_ios_swiftUITests.swift */; };
		7CB4463951E7F4564DAFA7C6 /* Pods_sample_ios_swiftUITests.framework in Frameworks */ = {isa = PBXBuildFile; fileRef = 002A5A6B41B1969056557551 /* Pods_sample_ios_swiftUITests.framework */; };
		BFA48CDDD449D91A79BBFEBC /* Pods_sample_ios_swift.framework in Frameworks */ = {isa = PBXBuildFile; fileRef = 329414CAF102AD8E8D5179E3 /* Pods_sample_ios_swift.framework */; };
/* End PBXBuildFile section */

/* Begin PBXContainerItemProxy section */
		51F567BB204D2D25005A7970 /* PBXContainerItemProxy */ = {
			isa = PBXContainerItemProxy;
			containerPortal = 51F5679E204D2D25005A7970 /* Project object */;
			proxyType = 1;
			remoteGlobalIDString = 51F567A5204D2D25005A7970;
			remoteInfo = "sample-ios-swift";
		};
		51F567C6204D2D25005A7970 /* PBXContainerItemProxy */ = {
			isa = PBXContainerItemProxy;
			containerPortal = 51F5679E204D2D25005A7970 /* Project object */;
			proxyType = 1;
			remoteGlobalIDString = 51F567A5204D2D25005A7970;
			remoteInfo = "sample-ios-swift";
		};
/* End PBXContainerItemProxy section */

/* Begin PBXFileReference section */
		002A5A6B41B1969056557551 /* Pods_sample_ios_swiftUITests.framework */ = {isa = PBXFileReference; explicitFileType = wrapper.framework; includeInIndex = 0; path = Pods_sample_ios_swiftUITests.framework; sourceTree = BUILT_PRODUCTS_DIR; };
		329414CAF102AD8E8D5179E3 /* Pods_sample_ios_swift.framework */ = {isa = PBXFileReference; explicitFileType = wrapper.framework; includeInIndex = 0; path = Pods_sample_ios_swift.framework; sourceTree = BUILT_PRODUCTS_DIR; };
		512092902056817E00DF6991 /* RxBlocking.framework */ = {isa = PBXFileReference; lastKnownFileType = wrapper.framework; name = RxBlocking.framework; path = Carthage/Build/iOS/RxBlocking.framework; sourceTree = "<group>"; };
		512092912056817E00DF6991 /* RxCocoa.framework */ = {isa = PBXFileReference; lastKnownFileType = wrapper.framework; name = RxCocoa.framework; path = Carthage/Build/iOS/RxCocoa.framework; sourceTree = "<group>"; };
		512092922056817E00DF6991 /* RxTest.framework */ = {isa = PBXFileReference; lastKnownFileType = wrapper.framework; name = RxTest.framework; path = Carthage/Build/iOS/RxTest.framework; sourceTree = "<group>"; };
		512092932056817E00DF6991 /* RxSwift.framework */ = {isa = PBXFileReference; lastKnownFileType = wrapper.framework; name = RxSwift.framework; path = Carthage/Build/iOS/RxSwift.framework; sourceTree = "<group>"; };
		51F567A6204D2D25005A7970 /* sample-ios-swift.app */ = {isa = PBXFileReference; explicitFileType = wrapper.application; includeInIndex = 0; path = "sample-ios-swift.app"; sourceTree = BUILT_PRODUCTS_DIR; };
		51F567A9204D2D25005A7970 /* AppDelegate.swift */ = {isa = PBXFileReference; lastKnownFileType = sourcecode.swift; path = AppDelegate.swift; sourceTree = "<group>"; };
		51F567AB204D2D25005A7970 /* ViewController.swift */ = {isa = PBXFileReference; lastKnownFileType = sourcecode.swift; path = ViewController.swift; sourceTree = "<group>"; };
		51F567AE204D2D25005A7970 /* Base */ = {isa = PBXFileReference; lastKnownFileType = file.storyboard; name = Base; path = Base.lproj/Main.storyboard; sourceTree = "<group>"; };
		51F567B0204D2D25005A7970 /* Assets.xcassets */ = {isa = PBXFileReference; lastKnownFileType = folder.assetcatalog; path = Assets.xcassets; sourceTree = "<group>"; };
		51F567B3204D2D25005A7970 /* Base */ = {isa = PBXFileReference; lastKnownFileType = file.storyboard; name = Base; path = Base.lproj/LaunchScreen.storyboard; sourceTree = "<group>"; };
		51F567B5204D2D25005A7970 /* Info.plist */ = {isa = PBXFileReference; lastKnownFileType = text.plist.xml; path = Info.plist; sourceTree = "<group>"; };
		51F567BA204D2D25005A7970 /* sample-ios-swiftTests.xctest */ = {isa = PBXFileReference; explicitFileType = wrapper.cfbundle; includeInIndex = 0; path = "sample-ios-swiftTests.xctest"; sourceTree = BUILT_PRODUCTS_DIR; };
		51F567BE204D2D25005A7970 /* sample_ios_swiftTests.swift */ = {isa = PBXFileReference; lastKnownFileType = sourcecode.swift; path = sample_ios_swiftTests.swift; sourceTree = "<group>"; };
		51F567C0204D2D25005A7970 /* Info.plist */ = {isa = PBXFileReference; lastKnownFileType = text.plist.xml; path = Info.plist; sourceTree = "<group>"; };
		51F567C5204D2D25005A7970 /* sample-ios-swiftUITests.xctest */ = {isa = PBXFileReference; explicitFileType = wrapper.cfbundle; includeInIndex = 0; path = "sample-ios-swiftUITests.xctest"; sourceTree = BUILT_PRODUCTS_DIR; };
		51F567C9204D2D25005A7970 /* sample_ios_swiftUITests.swift */ = {isa = PBXFileReference; lastKnownFileType = sourcecode.swift; path = sample_ios_swiftUITests.swift; sourceTree = "<group>"; };
		51F567CB204D2D25005A7970 /* Info.plist */ = {isa = PBXFileReference; lastKnownFileType = text.plist.xml; path = Info.plist; sourceTree = "<group>"; };
		76659BF7A36AF13FF91D251A /* Pods-sample-ios-swiftUITests.debug.xcconfig */ = {isa = PBXFileReference; includeInIndex = 1; lastKnownFileType = text.xcconfig; name = "Pods-sample-ios-swiftUITests.debug.xcconfig"; path = "Pods/Target Support Files/Pods-sample-ios-swiftUITests/Pods-sample-ios-swiftUITests.debug.xcconfig"; sourceTree = "<group>"; };
		8AEE1698DD08F54A3C8A36E3 /* Pods_sample_ios_swiftTests.framework */ = {isa = PBXFileReference; explicitFileType = wrapper.framework; includeInIndex = 0; path = Pods_sample_ios_swiftTests.framework; sourceTree = BUILT_PRODUCTS_DIR; };
		8C573FE78FBFF704321D1BE0 /* Pods-sample-ios-swift.release.xcconfig */ = {isa = PBXFileReference; includeInIndex = 1; lastKnownFileType = text.xcconfig; name = "Pods-sample-ios-swift.release.xcconfig"; path = "Pods/Target Support Files/Pods-sample-ios-swift/Pods-sample-ios-swift.release.xcconfig"; sourceTree = "<group>"; };
		BB7E23344CD61DADAECB5065 /* Pods-sample-ios-swiftUITests.release.xcconfig */ = {isa = PBXFileReference; includeInIndex = 1; lastKnownFileType = text.xcconfig; name = "Pods-sample-ios-swiftUITests.release.xcconfig"; path = "Pods/Target Support Files/Pods-sample-ios-swiftUITests/Pods-sample-ios-swiftUITests.release.xcconfig"; sourceTree = "<group>"; };
		D2479FEF89607B0C9CEEEADB /* Pods-sample-ios-swiftTests.release.xcconfig */ = {isa = PBXFileReference; includeInIndex = 1; lastKnownFileType = text.xcconfig; name = "Pods-sample-ios-swiftTests.release.xcconfig"; path = "Pods/Target Support Files/Pods-sample-ios-swiftTests/Pods-sample-ios-swiftTests.release.xcconfig"; sourceTree = "<group>"; };
		D3E3B762EF20749370807040 /* Pods-sample-ios-swift.debug.xcconfig */ = {isa = PBXFileReference; includeInIndex = 1; lastKnownFileType = text.xcconfig; name = "Pods-sample-ios-swift.debug.xcconfig"; path = "Pods/Target Support Files/Pods-sample-ios-swift/Pods-sample-ios-swift.debug.xcconfig"; sourceTree = "<group>"; };
		DFA7D5A034A362762B272604 /* Pods-sample-ios-swiftTests.debug.xcconfig */ = {isa = PBXFileReference; includeInIndex = 1; lastKnownFileType = text.xcconfig; name = "Pods-sample-ios-swiftTests.debug.xcconfig"; path = "Pods/Target Support Files/Pods-sample-ios-swiftTests/Pods-sample-ios-swiftTests.debug.xcconfig"; sourceTree = "<group>"; };
/* End PBXFileReference section */

/* Begin PBXFrameworksBuildPhase section */
		51F567A3204D2D25005A7970 /* Frameworks */ = {
			isa = PBXFrameworksBuildPhase;
			buildActionMask = 2147483647;
			files = (
				BFA48CDDD449D91A79BBFEBC /* Pods_sample_ios_swift.framework in Frameworks */,
				512092952056817E00DF6991 /* RxCocoa.framework in Frameworks */,
				512092972056817E00DF6991 /* RxSwift.framework in Frameworks */,
			);
			runOnlyForDeploymentPostprocessing = 0;
		};
		51F567B7204D2D25005A7970 /* Frameworks */ = {
			isa = PBXFrameworksBuildPhase;
			buildActionMask = 2147483647;
			files = (
				45935FCB993EE696EE39F4E6 /* Pods_sample_ios_swiftTests.framework in Frameworks */,
			);
			runOnlyForDeploymentPostprocessing = 0;
		};
		51F567C2204D2D25005A7970 /* Frameworks */ = {
			isa = PBXFrameworksBuildPhase;
			buildActionMask = 2147483647;
			files = (
				7CB4463951E7F4564DAFA7C6 /* Pods_sample_ios_swiftUITests.framework in Frameworks */,
			);
			runOnlyForDeploymentPostprocessing = 0;
		};
/* End PBXFrameworksBuildPhase section */

/* Begin PBXGroup section */
		4DF778C673807B3EAC98D546 /* Frameworks */ = {
			isa = PBXGroup;
			children = (
				512092902056817E00DF6991 /* RxBlocking.framework */,
				512092912056817E00DF6991 /* RxCocoa.framework */,
				512092932056817E00DF6991 /* RxSwift.framework */,
				512092922056817E00DF6991 /* RxTest.framework */,
				329414CAF102AD8E8D5179E3 /* Pods_sample_ios_swift.framework */,
				8AEE1698DD08F54A3C8A36E3 /* Pods_sample_ios_swiftTests.framework */,
				002A5A6B41B1969056557551 /* Pods_sample_ios_swiftUITests.framework */,
			);
			name = Frameworks;
			sourceTree = "<group>";
		};
		51F5679D204D2D25005A7970 = {
			isa = PBXGroup;
			children = (
				51F567A8204D2D25005A7970 /* sample-ios-swift */,
				51F567BD204D2D25005A7970 /* sample-ios-swiftTests */,
				51F567C8204D2D25005A7970 /* sample-ios-swiftUITests */,
				51F567A7204D2D25005A7970 /* Products */,
				DAEABC68F953654814FEB339 /* Pods */,
				4DF778C673807B3EAC98D546 /* Frameworks */,
			);
			sourceTree = "<group>";
		};
		51F567A7204D2D25005A7970 /* Products */ = {
			isa = PBXGroup;
			children = (
				51F567A6204D2D25005A7970 /* sample-ios-swift.app */,
				51F567BA204D2D25005A7970 /* sample-ios-swiftTests.xctest */,
				51F567C5204D2D25005A7970 /* sample-ios-swiftUITests.xctest */,
			);
			name = Products;
			sourceTree = "<group>";
		};
		51F567A8204D2D25005A7970 /* sample-ios-swift */ = {
			isa = PBXGroup;
			children = (
				51F567A9204D2D25005A7970 /* AppDelegate.swift */,
				51F567AB204D2D25005A7970 /* ViewController.swift */,
				51F567AD204D2D25005A7970 /* Main.storyboard */,
				51F567B0204D2D25005A7970 /* Assets.xcassets */,
				51F567B2204D2D25005A7970 /* LaunchScreen.storyboard */,
				51F567B5204D2D25005A7970 /* Info.plist */,
			);
			path = "sample-ios-swift";
			sourceTree = "<group>";
		};
		51F567BD204D2D25005A7970 /* sample-ios-swiftTests */ = {
			isa = PBXGroup;
			children = (
				51F567BE204D2D25005A7970 /* sample_ios_swiftTests.swift */,
				51F567C0204D2D25005A7970 /* Info.plist */,
			);
			path = "sample-ios-swiftTests";
			sourceTree = "<group>";
		};
		51F567C8204D2D25005A7970 /* sample-ios-swiftUITests */ = {
			isa = PBXGroup;
			children = (
				51F567C9204D2D25005A7970 /* sample_ios_swiftUITests.swift */,
				51F567CB204D2D25005A7970 /* Info.plist */,
			);
			path = "sample-ios-swiftUITests";
			sourceTree = "<group>";
		};
		DAEABC68F953654814FEB339 /* Pods */ = {
			isa = PBXGroup;
			children = (
				D3E3B762EF20749370807040 /* Pods-sample-ios-swift.debug.xcconfig */,
				8C573FE78FBFF704321D1BE0 /* Pods-sample-ios-swift.release.xcconfig */,
				DFA7D5A034A362762B272604 /* Pods-sample-ios-swiftTests.debug.xcconfig */,
				D2479FEF89607B0C9CEEEADB /* Pods-sample-ios-swiftTests.release.xcconfig */,
				76659BF7A36AF13FF91D251A /* Pods-sample-ios-swiftUITests.debug.xcconfig */,
				BB7E23344CD61DADAECB5065 /* Pods-sample-ios-swiftUITests.release.xcconfig */,
			);
			name = Pods;
			sourceTree = "<group>";
		};
/* End PBXGroup section */

/* Begin PBXNativeTarget section */
		51F567A5204D2D25005A7970 /* sample-ios-swift */ = {
			isa = PBXNativeTarget;
			buildConfigurationList = 51F567CE204D2D25005A7970 /* Build configuration list for PBXNativeTarget "sample-ios-swift" */;
			buildPhases = (
				CD6C989FE0796943F99604CF /* [CP] Check Pods Manifest.lock */,
				51F567A2204D2D25005A7970 /* Sources */,
				51F567A3204D2D25005A7970 /* Frameworks */,
				51F567A4204D2D25005A7970 /* Resources */,
				D87F9D805E47BBB41A3E585C /* [CP] Embed Pods Frameworks */,
				51455B29204F7840006F08DC /* Run SwiftLint */,
				5120928F2056805000DF6991 /* ShellScript */,
				8450E2B14BDBE122B013CE13 /* [CP] Copy Pods Resources */,
			);
			buildRules = (
			);
			dependencies = (
			);
			name = "sample-ios-swift";
			productName = "sample-ios-swift";
			productReference = 51F567A6204D2D25005A7970 /* sample-ios-swift.app */;
			productType = "com.apple.product-type.application";
		};
		51F567B9204D2D25005A7970 /* sample-ios-swiftTests */ = {
			isa = PBXNativeTarget;
			buildConfigurationList = 51F567D1204D2D25005A7970 /* Build configuration list for PBXNativeTarget "sample-ios-swiftTests" */;
			buildPhases = (
				D415B905C440C737A84164CD /* [CP] Check Pods Manifest.lock */,
				51F567B6204D2D25005A7970 /* Sources */,
				51F567B7204D2D25005A7970 /* Frameworks */,
				51F567B8204D2D25005A7970 /* Resources */,
				04955F60B14ABE5B60DD56D1 /* [CP] Embed Pods Frameworks */,
				72DD3C649EA8616215C796FD /* [CP] Copy Pods Resources */,
			);
			buildRules = (
			);
			dependencies = (
				51F567BC204D2D25005A7970 /* PBXTargetDependency */,
			);
			name = "sample-ios-swiftTests";
			productName = "sample-ios-swiftTests";
			productReference = 51F567BA204D2D25005A7970 /* sample-ios-swiftTests.xctest */;
			productType = "com.apple.product-type.bundle.unit-test";
		};
		51F567C4204D2D25005A7970 /* sample-ios-swiftUITests */ = {
			isa = PBXNativeTarget;
			buildConfigurationList = 51F567D4204D2D25005A7970 /* Build configuration list for PBXNativeTarget "sample-ios-swiftUITests" */;
			buildPhases = (
				48CBF0293D1C8B1605DD5BD3 /* [CP] Check Pods Manifest.lock */,
				51F567C1204D2D25005A7970 /* Sources */,
				51F567C2204D2D25005A7970 /* Frameworks */,
				51F567C3204D2D25005A7970 /* Resources */,
				01470E694B19125E85BF737E /* [CP] Embed Pods Frameworks */,
				3BA9591AA33DDFFB52FFBD9C /* [CP] Copy Pods Resources */,
			);
			buildRules = (
			);
			dependencies = (
				51F567C7204D2D25005A7970 /* PBXTargetDependency */,
			);
			name = "sample-ios-swiftUITests";
			productName = "sample-ios-swiftUITests";
			productReference = 51F567C5204D2D25005A7970 /* sample-ios-swiftUITests.xctest */;
			productType = "com.apple.product-type.bundle.ui-testing";
		};
/* End PBXNativeTarget section */

/* Begin PBXProject section */
		51F5679E204D2D25005A7970 /* Project object */ = {
			isa = PBXProject;
			attributes = {
				LastSwiftUpdateCheck = 0920;
				LastUpgradeCheck = 1020;
				ORGANIZATIONNAME = "monstar-lab";
				TargetAttributes = {
					51F567A5204D2D25005A7970 = {
						CreatedOnToolsVersion = 9.2;
						LastSwiftMigration = 1020;
						ProvisioningStyle = Manual;
					};
					51F567B9204D2D25005A7970 = {
						CreatedOnToolsVersion = 9.2;
						LastSwiftMigration = 1020;
						ProvisioningStyle = Automatic;
						TestTargetID = 51F567A5204D2D25005A7970;
					};
					51F567C4204D2D25005A7970 = {
						CreatedOnToolsVersion = 9.2;
						LastSwiftMigration = 1020;
						ProvisioningStyle = Automatic;
						TestTargetID = 51F567A5204D2D25005A7970;
					};
				};
			};
			buildConfigurationList = 51F567A1204D2D25005A7970 /* Build configuration list for PBXProject "sample-ios-swift" */;
			compatibilityVersion = "Xcode 8.0";
			developmentRegion = en;
			hasScannedForEncodings = 0;
			knownRegions = (
				en,
				Base,
			);
			mainGroup = 51F5679D204D2D25005A7970;
			productRefGroup = 51F567A7204D2D25005A7970 /* Products */;
			projectDirPath = "";
			projectRoot = "";
			targets = (
				51F567A5204D2D25005A7970 /* sample-ios-swift */,
				51F567B9204D2D25005A7970 /* sample-ios-swiftTests */,
				51F567C4204D2D25005A7970 /* sample-ios-swiftUITests */,
			);
		};
/* End PBXProject section */

/* Begin PBXResourcesBuildPhase section */
		51F567A4204D2D25005A7970 /* Resources */ = {
			isa = PBXResourcesBuildPhase;
			buildActionMask = 2147483647;
			files = (
				51F567B4204D2D25005A7970 /* LaunchScreen.storyboard in Resources */,
				51F567B1204D2D25005A7970 /* Assets.xcassets in Resources */,
				51F567AF204D2D25005A7970 /* Main.storyboard in Resources */,
			);
			runOnlyForDeploymentPostprocessing = 0;
		};
		51F567B8204D2D25005A7970 /* Resources */ = {
			isa = PBXResourcesBuildPhase;
			buildActionMask = 2147483647;
			files = (
			);
			runOnlyForDeploymentPostprocessing = 0;
		};
		51F567C3204D2D25005A7970 /* Resources */ = {
			isa = PBXResourcesBuildPhase;
			buildActionMask = 2147483647;
			files = (
			);
			runOnlyForDeploymentPostprocessing = 0;
		};
/* End PBXResourcesBuildPhase section */

/* Begin PBXShellScriptBuildPhase section */
		01470E694B19125E85BF737E /* [CP] Embed Pods Frameworks */ = {
			isa = PBXShellScriptBuildPhase;
			buildActionMask = 2147483647;
			files = (
			);
			inputPaths = (
			);
			name = "[CP] Embed Pods Frameworks";
			outputPaths = (
			);
			runOnlyForDeploymentPostprocessing = 0;
			shellPath = /bin/sh;
			shellScript = "\"${SRCROOT}/Pods/Target Support Files/Pods-sample-ios-swiftUITests/Pods-sample-ios-swiftUITests-frameworks.sh\"\n";
			showEnvVarsInLog = 0;
		};
		04955F60B14ABE5B60DD56D1 /* [CP] Embed Pods Frameworks */ = {
			isa = PBXShellScriptBuildPhase;
			buildActionMask = 2147483647;
			files = (
			);
			inputPaths = (
			);
			name = "[CP] Embed Pods Frameworks";
			outputPaths = (
			);
			runOnlyForDeploymentPostprocessing = 0;
			shellPath = /bin/sh;
			shellScript = "\"${SRCROOT}/Pods/Target Support Files/Pods-sample-ios-swiftTests/Pods-sample-ios-swiftTests-frameworks.sh\"\n";
			showEnvVarsInLog = 0;
		};
		3BA9591AA33DDFFB52FFBD9C /* [CP] Copy Pods Resources */ = {
			isa = PBXShellScriptBuildPhase;
			buildActionMask = 2147483647;
			files = (
			);
			inputPaths = (
			);
			name = "[CP] Copy Pods Resources";
			outputPaths = (
			);
			runOnlyForDeploymentPostprocessing = 0;
			shellPath = /bin/sh;
			shellScript = "\"${SRCROOT}/Pods/Target Support Files/Pods-sample-ios-swiftUITests/Pods-sample-ios-swiftUITests-resources.sh\"\n";
			showEnvVarsInLog = 0;
		};
		48CBF0293D1C8B1605DD5BD3 /* [CP] Check Pods Manifest.lock */ = {
			isa = PBXShellScriptBuildPhase;
			buildActionMask = 2147483647;
			files = (
			);
			inputPaths = (
				"${PODS_PODFILE_DIR_PATH}/Podfile.lock",
				"${PODS_ROOT}/Manifest.lock",
			);
			name = "[CP] Check Pods Manifest.lock";
			outputPaths = (
				"$(DERIVED_FILE_DIR)/Pods-sample-ios-swiftUITests-checkManifestLockResult.txt",
			);
			runOnlyForDeploymentPostprocessing = 0;
			shellPath = /bin/sh;
			shellScript = "diff \"${PODS_PODFILE_DIR_PATH}/Podfile.lock\" \"${PODS_ROOT}/Manifest.lock\" > /dev/null\nif [ $? != 0 ] ; then\n    # print error to STDERR\n    echo \"error: The sandbox is not in sync with the Podfile.lock. Run 'pod install' or update your CocoaPods installation.\" >&2\n    exit 1\nfi\n# This output is used by Xcode 'outputs' to avoid re-running this script phase.\necho \"SUCCESS\" > \"${SCRIPT_OUTPUT_FILE_0}\"\n";
			showEnvVarsInLog = 0;
		};
		5120928F2056805000DF6991 /* ShellScript */ = {
			isa = PBXShellScriptBuildPhase;
			buildActionMask = 2147483647;
			files = (
			);
			inputPaths = (
				"$(SRCROOT)/Carthage/Build/iOS/RxCocoa.framework",
				"$(SRCROOT)/Carthage/Build/iOS/RxSwift.framework",
				"$(SRCROOT)/Carthage/Build/iOS/RxRelay.framework",
			);
			outputPaths = (
				"$(BUILT_PRODUCTS_DIR)/$(FRAMEWORKS_FOLDER_PATH)/RxCocoa.framework",
				"$(BUILT_PRODUCTS_DIR)/$(FRAMEWORKS_FOLDER_PATH)/RxSwift.framework",
				"$(BUILT_PRODUCTS_DIR)/$(FRAMEWORKS_FOLDER_PATH)/RxRelay.framework",
			);
			runOnlyForDeploymentPostprocessing = 0;
			shellPath = /bin/sh;
			shellScript = "/usr/local/bin/carthage copy-frameworks\n";
		};
		51455B29204F7840006F08DC /* Run SwiftLint */ = {
			isa = PBXShellScriptBuildPhase;
			buildActionMask = 2147483647;
			files = (
			);
			inputPaths = (
			);
			name = "Run SwiftLint";
			outputPaths = (
			);
			runOnlyForDeploymentPostprocessing = 0;
			shellPath = /bin/sh;
			shellScript = "if which swiftlint >/dev/null; then\nswiftlint\nelse\necho \"warning: SwiftLint not installed, download from https://github.com/realm/SwiftLint\"\nfi";
		};
		72DD3C649EA8616215C796FD /* [CP] Copy Pods Resources */ = {
			isa = PBXShellScriptBuildPhase;
			buildActionMask = 2147483647;
			files = (
			);
			inputPaths = (
			);
			name = "[CP] Copy Pods Resources";
			outputPaths = (
			);
			runOnlyForDeploymentPostprocessing = 0;
			shellPath = /bin/sh;
			shellScript = "\"${SRCROOT}/Pods/Target Support Files/Pods-sample-ios-swiftTests/Pods-sample-ios-swiftTests-resources.sh\"\n";
			showEnvVarsInLog = 0;
		};
		8450E2B14BDBE122B013CE13 /* [CP] Copy Pods Resources */ = {
			isa = PBXShellScriptBuildPhase;
			buildActionMask = 2147483647;
			files = (
			);
			inputPaths = (
			);
			name = "[CP] Copy Pods Resources";
			outputPaths = (
			);
			runOnlyForDeploymentPostprocessing = 0;
			shellPath = /bin/sh;
			shellScript = "\"${SRCROOT}/Pods/Target Support Files/Pods-sample-ios-swift/Pods-sample-ios-swift-resources.sh\"\n";
			showEnvVarsInLog = 0;
		};
		CD6C989FE0796943F99604CF /* [CP] Check Pods Manifest.lock */ = {
			isa = PBXShellScriptBuildPhase;
			buildActionMask = 2147483647;
			files = (
			);
			inputPaths = (
				"${PODS_PODFILE_DIR_PATH}/Podfile.lock",
				"${PODS_ROOT}/Manifest.lock",
			);
			name = "[CP] Check Pods Manifest.lock";
			outputPaths = (
				"$(DERIVED_FILE_DIR)/Pods-sample-ios-swift-checkManifestLockResult.txt",
			);
			runOnlyForDeploymentPostprocessing = 0;
			shellPath = /bin/sh;
			shellScript = "diff \"${PODS_PODFILE_DIR_PATH}/Podfile.lock\" \"${PODS_ROOT}/Manifest.lock\" > /dev/null\nif [ $? != 0 ] ; then\n    # print error to STDERR\n    echo \"error: The sandbox is not in sync with the Podfile.lock. Run 'pod install' or update your CocoaPods installation.\" >&2\n    exit 1\nfi\n# This output is used by Xcode 'outputs' to avoid re-running this script phase.\necho \"SUCCESS\" > \"${SCRIPT_OUTPUT_FILE_0}\"\n";
			showEnvVarsInLog = 0;
		};
		D415B905C440C737A84164CD /* [CP] Check Pods Manifest.lock */ = {
			isa = PBXShellScriptBuildPhase;
			buildActionMask = 2147483647;
			files = (
			);
			inputPaths = (
				"${PODS_PODFILE_DIR_PATH}/Podfile.lock",
				"${PODS_ROOT}/Manifest.lock",
			);
			name = "[CP] Check Pods Manifest.lock";
			outputPaths = (
				"$(DERIVED_FILE_DIR)/Pods-sample-ios-swiftTests-checkManifestLockResult.txt",
			);
			runOnlyForDeploymentPostprocessing = 0;
			shellPath = /bin/sh;
			shellScript = "diff \"${PODS_PODFILE_DIR_PATH}/Podfile.lock\" \"${PODS_ROOT}/Manifest.lock\" > /dev/null\nif [ $? != 0 ] ; then\n    # print error to STDERR\n    echo \"error: The sandbox is not in sync with the Podfile.lock. Run 'pod install' or update your CocoaPods installation.\" >&2\n    exit 1\nfi\n# This output is used by Xcode 'outputs' to avoid re-running this script phase.\necho \"SUCCESS\" > \"${SCRIPT_OUTPUT_FILE_0}\"\n";
			showEnvVarsInLog = 0;
		};
		D87F9D805E47BBB41A3E585C /* [CP] Embed Pods Frameworks */ = {
			isa = PBXShellScriptBuildPhase;
			buildActionMask = 2147483647;
			files = (
			);
			inputPaths = (
				"${SRCROOT}/Pods/Target Support Files/Pods-sample-ios-swift/Pods-sample-ios-swift-frameworks.sh",
				"${BUILT_PRODUCTS_DIR}/SVProgressHUD/SVProgressHUD.framework",
			);
			name = "[CP] Embed Pods Frameworks";
			outputPaths = (
				"${TARGET_BUILD_DIR}/${FRAMEWORKS_FOLDER_PATH}/SVProgressHUD.framework",
			);
			runOnlyForDeploymentPostprocessing = 0;
			shellPath = /bin/sh;
			shellScript = "\"${SRCROOT}/Pods/Target Support Files/Pods-sample-ios-swift/Pods-sample-ios-swift-frameworks.sh\"\n";
			showEnvVarsInLog = 0;
		};
/* End PBXShellScriptBuildPhase section */

/* Begin PBXSourcesBuildPhase section */
		51F567A2204D2D25005A7970 /* Sources */ = {
			isa = PBXSourcesBuildPhase;
			buildActionMask = 2147483647;
			files = (
				51F567AC204D2D25005A7970 /* ViewController.swift in Sources */,
				51F567AA204D2D25005A7970 /* AppDelegate.swift in Sources */,
			);
			runOnlyForDeploymentPostprocessing = 0;
		};
		51F567B6204D2D25005A7970 /* Sources */ = {
			isa = PBXSourcesBuildPhase;
			buildActionMask = 2147483647;
			files = (
				51F567BF204D2D25005A7970 /* sample_ios_swiftTests.swift in Sources */,
			);
			runOnlyForDeploymentPostprocessing = 0;
		};
		51F567C1204D2D25005A7970 /* Sources */ = {
			isa = PBXSourcesBuildPhase;
			buildActionMask = 2147483647;
			files = (
				51F567CA204D2D25005A7970 /* sample_ios_swiftUITests.swift in Sources */,
			);
			runOnlyForDeploymentPostprocessing = 0;
		};
/* End PBXSourcesBuildPhase section */

/* Begin PBXTargetDependency section */
		51F567BC204D2D25005A7970 /* PBXTargetDependency */ = {
			isa = PBXTargetDependency;
			target = 51F567A5204D2D25005A7970 /* sample-ios-swift */;
			targetProxy = 51F567BB204D2D25005A7970 /* PBXContainerItemProxy */;
		};
		51F567C7204D2D25005A7970 /* PBXTargetDependency */ = {
			isa = PBXTargetDependency;
			target = 51F567A5204D2D25005A7970 /* sample-ios-swift */;
			targetProxy = 51F567C6204D2D25005A7970 /* PBXContainerItemProxy */;
		};
/* End PBXTargetDependency section */

/* Begin PBXVariantGroup section */
		51F567AD204D2D25005A7970 /* Main.storyboard */ = {
			isa = PBXVariantGroup;
			children = (
				51F567AE204D2D25005A7970 /* Base */,
			);
			name = Main.storyboard;
			sourceTree = "<group>";
		};
		51F567B2204D2D25005A7970 /* LaunchScreen.storyboard */ = {
			isa = PBXVariantGroup;
			children = (
				51F567B3204D2D25005A7970 /* Base */,
			);
			name = LaunchScreen.storyboard;
			sourceTree = "<group>";
		};
/* End PBXVariantGroup section */

/* Begin XCBuildConfiguration section */
		51F567CC204D2D25005A7970 /* Debug */ = {
			isa = XCBuildConfiguration;
			buildSettings = {
				ALWAYS_SEARCH_USER_PATHS = NO;
				CLANG_ANALYZER_NONNULL = YES;
				CLANG_ANALYZER_NUMBER_OBJECT_CONVERSION = YES_AGGRESSIVE;
				CLANG_CXX_LANGUAGE_STANDARD = "gnu++14";
				CLANG_CXX_LIBRARY = "libc++";
				CLANG_ENABLE_MODULES = YES;
				CLANG_ENABLE_OBJC_ARC = YES;
				CLANG_WARN_BLOCK_CAPTURE_AUTORELEASING = YES;
				CLANG_WARN_BOOL_CONVERSION = YES;
				CLANG_WARN_COMMA = YES;
				CLANG_WARN_CONSTANT_CONVERSION = YES;
				CLANG_WARN_DEPRECATED_OBJC_IMPLEMENTATIONS = YES;
				CLANG_WARN_DIRECT_OBJC_ISA_USAGE = YES_ERROR;
				CLANG_WARN_DOCUMENTATION_COMMENTS = YES;
				CLANG_WARN_EMPTY_BODY = YES;
				CLANG_WARN_ENUM_CONVERSION = YES;
				CLANG_WARN_INFINITE_RECURSION = YES;
				CLANG_WARN_INT_CONVERSION = YES;
				CLANG_WARN_NON_LITERAL_NULL_CONVERSION = YES;
				CLANG_WARN_OBJC_IMPLICIT_RETAIN_SELF = YES;
				CLANG_WARN_OBJC_LITERAL_CONVERSION = YES;
				CLANG_WARN_OBJC_ROOT_CLASS = YES_ERROR;
				CLANG_WARN_RANGE_LOOP_ANALYSIS = YES;
				CLANG_WARN_STRICT_PROTOTYPES = YES;
				CLANG_WARN_SUSPICIOUS_MOVE = YES;
				CLANG_WARN_UNGUARDED_AVAILABILITY = YES_AGGRESSIVE;
				CLANG_WARN_UNREACHABLE_CODE = YES;
				CLANG_WARN__DUPLICATE_METHOD_MATCH = YES;
				CODE_SIGN_IDENTITY = "iPhone Developer";
				COPY_PHASE_STRIP = NO;
				DEBUG_INFORMATION_FORMAT = dwarf;
				ENABLE_STRICT_OBJC_MSGSEND = YES;
				ENABLE_TESTABILITY = YES;
				GCC_C_LANGUAGE_STANDARD = gnu11;
				GCC_DYNAMIC_NO_PIC = NO;
				GCC_NO_COMMON_BLOCKS = YES;
				GCC_OPTIMIZATION_LEVEL = 0;
				GCC_PREPROCESSOR_DEFINITIONS = (
					"DEBUG=1",
					"$(inherited)",
				);
				GCC_WARN_64_TO_32_BIT_CONVERSION = YES;
				GCC_WARN_ABOUT_RETURN_TYPE = YES_ERROR;
				GCC_WARN_UNDECLARED_SELECTOR = YES;
				GCC_WARN_UNINITIALIZED_AUTOS = YES_AGGRESSIVE;
				GCC_WARN_UNUSED_FUNCTION = YES;
				GCC_WARN_UNUSED_VARIABLE = YES;
				IPHONEOS_DEPLOYMENT_TARGET = 11.2;
				MTL_ENABLE_DEBUG_INFO = YES;
				SDKROOT = iphoneos;
				SWIFT_ACTIVE_COMPILATION_CONDITIONS = DEBUG;
				SWIFT_OPTIMIZATION_LEVEL = "-Onone";
			};
			name = Debug;
		};
		51F567CD204D2D25005A7970 /* Release */ = {
			isa = XCBuildConfiguration;
			buildSettings = {
				ALWAYS_SEARCH_USER_PATHS = NO;
				CLANG_ANALYZER_NONNULL = YES;
				CLANG_ANALYZER_NUMBER_OBJECT_CONVERSION = YES_AGGRESSIVE;
				CLANG_CXX_LANGUAGE_STANDARD = "gnu++14";
				CLANG_CXX_LIBRARY = "libc++";
				CLANG_ENABLE_MODULES = YES;
				CLANG_ENABLE_OBJC_ARC = YES;
				CLANG_WARN_BLOCK_CAPTURE_AUTORELEASING = YES;
				CLANG_WARN_BOOL_CONVERSION = YES;
				CLANG_WARN_COMMA = YES;
				CLANG_WARN_CONSTANT_CONVERSION = YES;
				CLANG_WARN_DEPRECATED_OBJC_IMPLEMENTATIONS = YES;
				CLANG_WARN_DIRECT_OBJC_ISA_USAGE = YES_ERROR;
				CLANG_WARN_DOCUMENTATION_COMMENTS = YES;
				CLANG_WARN_EMPTY_BODY = YES;
				CLANG_WARN_ENUM_CONVERSION = YES;
				CLANG_WARN_INFINITE_RECURSION = YES;
				CLANG_WARN_INT_CONVERSION = YES;
				CLANG_WARN_NON_LITERAL_NULL_CONVERSION = YES;
				CLANG_WARN_OBJC_IMPLICIT_RETAIN_SELF = YES;
				CLANG_WARN_OBJC_LITERAL_CONVERSION = YES;
				CLANG_WARN_OBJC_ROOT_CLASS = YES_ERROR;
				CLANG_WARN_RANGE_LOOP_ANALYSIS = YES;
				CLANG_WARN_STRICT_PROTOTYPES = YES;
				CLANG_WARN_SUSPICIOUS_MOVE = YES;
				CLANG_WARN_UNGUARDED_AVAILABILITY = YES_AGGRESSIVE;
				CLANG_WARN_UNREACHABLE_CODE = YES;
				CLANG_WARN__DUPLICATE_METHOD_MATCH = YES;
				CODE_SIGN_IDENTITY = "iPhone Developer";
				COPY_PHASE_STRIP = NO;
				DEBUG_INFORMATION_FORMAT = "dwarf-with-dsym";
				ENABLE_NS_ASSERTIONS = NO;
				ENABLE_STRICT_OBJC_MSGSEND = YES;
				GCC_C_LANGUAGE_STANDARD = gnu11;
				GCC_NO_COMMON_BLOCKS = YES;
				GCC_WARN_64_TO_32_BIT_CONVERSION = YES;
				GCC_WARN_ABOUT_RETURN_TYPE = YES_ERROR;
				GCC_WARN_UNDECLARED_SELECTOR = YES;
				GCC_WARN_UNINITIALIZED_AUTOS = YES_AGGRESSIVE;
				GCC_WARN_UNUSED_FUNCTION = YES;
				GCC_WARN_UNUSED_VARIABLE = YES;
				IPHONEOS_DEPLOYMENT_TARGET = 11.2;
				MTL_ENABLE_DEBUG_INFO = NO;
				SDKROOT = iphoneos;
				SWIFT_OPTIMIZATION_LEVEL = "-Owholemodule";
				VALIDATE_PRODUCT = YES;
			};
			name = Release;
		};
		51F567CF204D2D25005A7970 /* Debug */ = {
			isa = XCBuildConfiguration;
			baseConfigurationReference = D3E3B762EF20749370807040 /* Pods-sample-ios-swift.debug.xcconfig */;
			buildSettings = {
				ASSETCATALOG_COMPILER_APPICON_NAME = AppIcon;
				CODE_SIGN_STYLE = Manual;
				ENABLE_BITCODE = NO;
				FRAMEWORK_SEARCH_PATHS = (
					"$(inherited)",
					"$(PROJECT_DIR)/Carthage/Build/iOS",
				);
				INFOPLIST_FILE = "sample-ios-swift/Info.plist";
				LD_RUNPATH_SEARCH_PATHS = "$(inherited) @executable_path/Frameworks";
				PRODUCT_BUNDLE_IDENTIFIER = "com.monstar-lab.sample-ios-swift";
				PRODUCT_NAME = "$(TARGET_NAME)";
				SWIFT_VERSION = 5.0;
				TARGETED_DEVICE_FAMILY = "1,2";
			};
			name = Debug;
		};
		51F567D0204D2D25005A7970 /* Release */ = {
			isa = XCBuildConfiguration;
			baseConfigurationReference = 8C573FE78FBFF704321D1BE0 /* Pods-sample-ios-swift.release.xcconfig */;
			buildSettings = {
				ASSETCATALOG_COMPILER_APPICON_NAME = AppIcon;
				CODE_SIGN_IDENTITY = "iPhone Distribution";
				CODE_SIGN_STYLE = Manual;
				ENABLE_BITCODE = NO;
				FRAMEWORK_SEARCH_PATHS = (
					"$(inherited)",
					"$(PROJECT_DIR)/Carthage/Build/iOS",
				);
				INFOPLIST_FILE = "sample-ios-swift/Info.plist";
				LD_RUNPATH_SEARCH_PATHS = "$(inherited) @executable_path/Frameworks";
				PRODUCT_BUNDLE_IDENTIFIER = "com.monstar-lab.sample-ios-swift";
				PRODUCT_NAME = "$(TARGET_NAME)";
				SWIFT_VERSION = 5.0;
				TARGETED_DEVICE_FAMILY = "1,2";
			};
			name = Release;
		};
		51F567D2204D2D25005A7970 /* Debug */ = {
			isa = XCBuildConfiguration;
			baseConfigurationReference = DFA7D5A034A362762B272604 /* Pods-sample-ios-swiftTests.debug.xcconfig */;
			buildSettings = {
				ALWAYS_EMBED_SWIFT_STANDARD_LIBRARIES = YES;
				BUNDLE_LOADER = "$(TEST_HOST)";
				CODE_SIGN_STYLE = Automatic;
				INFOPLIST_FILE = "sample-ios-swiftTests/Info.plist";
				LD_RUNPATH_SEARCH_PATHS = "$(inherited) @executable_path/Frameworks @loader_path/Frameworks";
				PRODUCT_BUNDLE_IDENTIFIER = "com.monstar-lab.sample-ios-swiftTests";
				PRODUCT_NAME = "$(TARGET_NAME)";
				SWIFT_VERSION = 5.0;
				TARGETED_DEVICE_FAMILY = "1,2";
				TEST_HOST = "$(BUILT_PRODUCTS_DIR)/sample-ios-swift.app/sample-ios-swift";
			};
			name = Debug;
		};
		51F567D3204D2D25005A7970 /* Release */ = {
			isa = XCBuildConfiguration;
			baseConfigurationReference = D2479FEF89607B0C9CEEEADB /* Pods-sample-ios-swiftTests.release.xcconfig */;
			buildSettings = {
				ALWAYS_EMBED_SWIFT_STANDARD_LIBRARIES = YES;
				BUNDLE_LOADER = "$(TEST_HOST)";
				CODE_SIGN_STYLE = Automatic;
				INFOPLIST_FILE = "sample-ios-swiftTests/Info.plist";
				LD_RUNPATH_SEARCH_PATHS = "$(inherited) @executable_path/Frameworks @loader_path/Frameworks";
				PRODUCT_BUNDLE_IDENTIFIER = "com.monstar-lab.sample-ios-swiftTests";
				PRODUCT_NAME = "$(TARGET_NAME)";
				SWIFT_VERSION = 5.0;
				TARGETED_DEVICE_FAMILY = "1,2";
				TEST_HOST = "$(BUILT_PRODUCTS_DIR)/sample-ios-swift.app/sample-ios-swift";
			};
			name = Release;
		};
		51F567D5204D2D25005A7970 /* Debug */ = {
			isa = XCBuildConfiguration;
			baseConfigurationReference = 76659BF7A36AF13FF91D251A /* Pods-sample-ios-swiftUITests.debug.xcconfig */;
			buildSettings = {
				ALWAYS_EMBED_SWIFT_STANDARD_LIBRARIES = YES;
				CODE_SIGN_STYLE = Automatic;
				INFOPLIST_FILE = "sample-ios-swiftUITests/Info.plist";
				LD_RUNPATH_SEARCH_PATHS = "$(inherited) @executable_path/Frameworks @loader_path/Frameworks";
				PRODUCT_BUNDLE_IDENTIFIER = "com.monstar-lab.sample-ios-swiftUITests";
				PRODUCT_NAME = "$(TARGET_NAME)";
				SWIFT_VERSION = 5.0;
				TARGETED_DEVICE_FAMILY = "1,2";
				TEST_TARGET_NAME = "sample-ios-swift";
			};
			name = Debug;
		};
		51F567D6204D2D25005A7970 /* Release */ = {
			isa = XCBuildConfiguration;
			baseConfigurationReference = BB7E23344CD61DADAECB5065 /* Pods-sample-ios-swiftUITests.release.xcconfig */;
			buildSettings = {
				ALWAYS_EMBED_SWIFT_STANDARD_LIBRARIES = YES;
				CODE_SIGN_STYLE = Automatic;
				INFOPLIST_FILE = "sample-ios-swiftUITests/Info.plist";
				LD_RUNPATH_SEARCH_PATHS = "$(inherited) @executable_path/Frameworks @loader_path/Frameworks";
				PRODUCT_BUNDLE_IDENTIFIER = "com.monstar-lab.sample-ios-swiftUITests";
				PRODUCT_NAME = "$(TARGET_NAME)";
				SWIFT_VERSION = 5.0;
				TARGETED_DEVICE_FAMILY = "1,2";
				TEST_TARGET_NAME = "sample-ios-swift";
			};
			name = Release;
		};
/* End XCBuildConfiguration section */

/* Begin XCConfigurationList section */
		51F567A1204D2D25005A7970 /* Build configuration list for PBXProject "sample-ios-swift" */ = {
			isa = XCConfigurationList;
			buildConfigurations = (
				51F567CC204D2D25005A7970 /* Debug */,
				51F567CD204D2D25005A7970 /* Release */,
			);
			defaultConfigurationIsVisible = 0;
			defaultConfigurationName = Release;
		};
		51F567CE204D2D25005A7970 /* Build configuration list for PBXNativeTarget "sample-ios-swift" */ = {
			isa = XCConfigurationList;
			buildConfigurations = (
				51F567CF204D2D25005A7970 /* Debug */,
				51F567D0204D2D25005A7970 /* Release */,
			);
			defaultConfigurationIsVisible = 0;
			defaultConfigurationName = Release;
		};
		51F567D1204D2D25005A7970 /* Build configuration list for PBXNativeTarget "sample-ios-swiftTests" */ = {
			isa = XCConfigurationList;
			buildConfigurations = (
				51F567D2204D2D25005A7970 /* Debug */,
				51F567D3204D2D25005A7970 /* Release */,
			);
			defaultConfigurationIsVisible = 0;
			defaultConfigurationName = Release;
		};
		51F567D4204D2D25005A7970 /* Build configuration list for PBXNativeTarget "sample-ios-swiftUITests" */ = {
			isa = XCConfigurationList;
			buildConfigurations = (
				51F567D5204D2D25005A7970 /* Debug */,
				51F567D6204D2D25005A7970 /* Release */,
			);
			defaultConfigurationIsVisible = 0;
			defaultConfigurationName = Release;
		};
/* End XCConfigurationList section */
	};
	rootObject = 51F5679E204D2D25005A7970 /* Project object */;
}
